// !$*UTF8*$!
{
	archiveVersion = 1;
	classes = {
	};
	objectVersion = 56;
	objects = {

/* Begin PBXBuildFile section */
		BA6451FF2C97271700DB31DE /* PeerPrepApp.swift in Sources */ = {isa = PBXBuildFile; fileRef = BA6451FE2C97271700DB31DE /* PeerPrepApp.swift */; };
		BA6452012C97271700DB31DE /* ContentView.swift in Sources */ = {isa = PBXBuildFile; fileRef = BA6452002C97271700DB31DE /* ContentView.swift */; };
		BA6452032C97271900DB31DE /* Assets.xcassets in Resources */ = {isa = PBXBuildFile; fileRef = BA6452022C97271900DB31DE /* Assets.xcassets */; };
		BA6452062C97271900DB31DE /* Preview Assets.xcassets in Resources */ = {isa = PBXBuildFile; fileRef = BA6452052C97271900DB31DE /* Preview Assets.xcassets */; };
		BA64520E2C9729D300DB31DE /* UserServiceView.swift in Sources */ = {isa = PBXBuildFile; fileRef = BA64520D2C9729D300DB31DE /* UserServiceView.swift */; };
		BA6452102C972C3E00DB31DE /* MatchingServiceView.swift in Sources */ = {isa = PBXBuildFile; fileRef = BA64520F2C972C3E00DB31DE /* MatchingServiceView.swift */; };
		BA6452122C972CE200DB31DE /* QuestionServiceView.swift in Sources */ = {isa = PBXBuildFile; fileRef = BA6452112C972CE200DB31DE /* QuestionServiceView.swift */; };
		BA6452142C97302C00DB31DE /* CollaborationServiceView.swift in Sources */ = {isa = PBXBuildFile; fileRef = BA6452132C97302C00DB31DE /* CollaborationServiceView.swift */; };
/* End PBXBuildFile section */

/* Begin PBXFileReference section */
		BA6451FB2C97271700DB31DE /* PeerPrep.app */ = {isa = PBXFileReference; explicitFileType = wrapper.application; includeInIndex = 0; path = PeerPrep.app; sourceTree = BUILT_PRODUCTS_DIR; };
		BA6451FE2C97271700DB31DE /* PeerPrepApp.swift */ = {isa = PBXFileReference; lastKnownFileType = sourcecode.swift; path = PeerPrepApp.swift; sourceTree = "<group>"; };
		BA6452002C97271700DB31DE /* ContentView.swift */ = {isa = PBXFileReference; lastKnownFileType = sourcecode.swift; path = ContentView.swift; sourceTree = "<group>"; };
		BA6452022C97271900DB31DE /* Assets.xcassets */ = {isa = PBXFileReference; lastKnownFileType = folder.assetcatalog; path = Assets.xcassets; sourceTree = "<group>"; };
		BA6452052C97271900DB31DE /* Preview Assets.xcassets */ = {isa = PBXFileReference; lastKnownFileType = folder.assetcatalog; path = "Preview Assets.xcassets"; sourceTree = "<group>"; };
		BA6452072C97271900DB31DE /* PeerPrep.entitlements */ = {isa = PBXFileReference; lastKnownFileType = text.plist.entitlements; path = PeerPrep.entitlements; sourceTree = "<group>"; };
		BA64520D2C9729D300DB31DE /* UserServiceView.swift */ = {isa = PBXFileReference; lastKnownFileType = sourcecode.swift; path = UserServiceView.swift; sourceTree = "<group>"; };
		BA64520F2C972C3E00DB31DE /* MatchingServiceView.swift */ = {isa = PBXFileReference; lastKnownFileType = sourcecode.swift; path = MatchingServiceView.swift; sourceTree = "<group>"; };
		BA6452112C972CE200DB31DE /* QuestionServiceView.swift */ = {isa = PBXFileReference; lastKnownFileType = sourcecode.swift; path = QuestionServiceView.swift; sourceTree = "<group>"; };
		BA6452132C97302C00DB31DE /* CollaborationServiceView.swift */ = {isa = PBXFileReference; lastKnownFileType = sourcecode.swift; path = CollaborationServiceView.swift; sourceTree = "<group>"; };
/* End PBXFileReference section */

/* Begin PBXFrameworksBuildPhase section */
		BA6451F82C97271700DB31DE /* Frameworks */ = {
			isa = PBXFrameworksBuildPhase;
			buildActionMask = 2147483647;
			files = (
			);
			runOnlyForDeploymentPostprocessing = 0;
		};
/* End PBXFrameworksBuildPhase section */

/* Begin PBXGroup section */
		BA6451F22C97271700DB31DE = {
			isa = PBXGroup;
			children = (
				BA6451FD2C97271700DB31DE /* PeerPrep */,
				BA6451FC2C97271700DB31DE /* Products */,
			);
			sourceTree = "<group>";
		};
		BA6451FC2C97271700DB31DE /* Products */ = {
			isa = PBXGroup;
			children = (
				BA6451FB2C97271700DB31DE /* PeerPrep.app */,
			);
			name = Products;
			sourceTree = "<group>";
		};
		BA6451FD2C97271700DB31DE /* PeerPrep */ = {
			isa = PBXGroup;
			children = (
				BA6451FE2C97271700DB31DE /* PeerPrepApp.swift */,
				BA6452002C97271700DB31DE /* ContentView.swift */,
				BA64520D2C9729D300DB31DE /* UserServiceView.swift */,
				BA64520F2C972C3E00DB31DE /* MatchingServiceView.swift */,
				BA6452112C972CE200DB31DE /* QuestionServiceView.swift */,
				BA6452132C97302C00DB31DE /* CollaborationServiceView.swift */,
				BA6452022C97271900DB31DE /* Assets.xcassets */,
				BA6452072C97271900DB31DE /* PeerPrep.entitlements */,
				BA6452042C97271900DB31DE /* Preview Content */,
			);
			path = PeerPrep;
			sourceTree = "<group>";
		};
		BA6452042C97271900DB31DE /* Preview Content */ = {
			isa = PBXGroup;
			children = (
				BA6452052C97271900DB31DE /* Preview Assets.xcassets */,
			);
			path = "Preview Content";
			sourceTree = "<group>";
		};
/* End PBXGroup section */

/* Begin PBXNativeTarget section */
		BA6451FA2C97271700DB31DE /* PeerPrep */ = {
			isa = PBXNativeTarget;
			buildConfigurationList = BA64520A2C97271900DB31DE /* Build configuration list for PBXNativeTarget "PeerPrep" */;
			buildPhases = (
				BA6451F72C97271700DB31DE /* Sources */,
				BA6451F82C97271700DB31DE /* Frameworks */,
				BA6451F92C97271700DB31DE /* Resources */,
			);
			buildRules = (
			);
			dependencies = (
			);
			name = PeerPrep;
			productName = PeerPrep;
			productReference = BA6451FB2C97271700DB31DE /* PeerPrep.app */;
			productType = "com.apple.product-type.application";
		};
/* End PBXNativeTarget section */

/* Begin PBXProject section */
		BA6451F32C97271700DB31DE /* Project object */ = {
			isa = PBXProject;
			attributes = {
				BuildIndependentTargetsInParallel = 1;
				LastSwiftUpdateCheck = 1540;
				LastUpgradeCheck = 1540;
				TargetAttributes = {
					BA6451FA2C97271700DB31DE = {
						CreatedOnToolsVersion = 15.4;
					};
				};
			};
			buildConfigurationList = BA6451F62C97271700DB31DE /* Build configuration list for PBXProject "PeerPrep" */;
			compatibilityVersion = "Xcode 14.0";
			developmentRegion = en;
			hasScannedForEncodings = 0;
			knownRegions = (
				en,
				Base,
			);
			mainGroup = BA6451F22C97271700DB31DE;
			productRefGroup = BA6451FC2C97271700DB31DE /* Products */;
			projectDirPath = "";
			projectRoot = "";
			targets = (
				BA6451FA2C97271700DB31DE /* PeerPrep */,
			);
		};
/* End PBXProject section */

/* Begin PBXResourcesBuildPhase section */
		BA6451F92C97271700DB31DE /* Resources */ = {
			isa = PBXResourcesBuildPhase;
			buildActionMask = 2147483647;
			files = (
				BA6452062C97271900DB31DE /* Preview Assets.xcassets in Resources */,
				BA6452032C97271900DB31DE /* Assets.xcassets in Resources */,
			);
			runOnlyForDeploymentPostprocessing = 0;
		};
/* End PBXResourcesBuildPhase section */

/* Begin PBXSourcesBuildPhase section */
		BA6451F72C97271700DB31DE /* Sources */ = {
			isa = PBXSourcesBuildPhase;
			buildActionMask = 2147483647;
			files = (
				BA64520E2C9729D300DB31DE /* UserServiceView.swift in Sources */,
				BA6452012C97271700DB31DE /* ContentView.swift in Sources */,
				BA6452142C97302C00DB31DE /* CollaborationServiceView.swift in Sources */,
				BA6451FF2C97271700DB31DE /* PeerPrepApp.swift in Sources */,
				BA6452102C972C3E00DB31DE /* MatchingServiceView.swift in Sources */,
				BA6452122C972CE200DB31DE /* QuestionServiceView.swift in Sources */,
			);
			runOnlyForDeploymentPostprocessing = 0;
		};
/* End PBXSourcesBuildPhase section */

/* Begin XCBuildConfiguration section */
		BA6452082C97271900DB31DE /* Debug */ = {
			isa = XCBuildConfiguration;
			buildSettings = {
				ALWAYS_SEARCH_USER_PATHS = NO;
				ASSETCATALOG_COMPILER_GENERATE_SWIFT_ASSET_SYMBOL_EXTENSIONS = YES;
				CLANG_ANALYZER_NONNULL = YES;
				CLANG_ANALYZER_NUMBER_OBJECT_CONVERSION = YES_AGGRESSIVE;
				CLANG_CXX_LANGUAGE_STANDARD = "gnu++20";
				CLANG_ENABLE_MODULES = YES;
				CLANG_ENABLE_OBJC_ARC = YES;
				CLANG_ENABLE_OBJC_WEAK = YES;
				CLANG_WARN_BLOCK_CAPTURE_AUTORELEASING = YES;
				CLANG_WARN_BOOL_CONVERSION = YES;
				CLANG_WARN_COMMA = YES;
				CLANG_WARN_CONSTANT_CONVERSION = YES;
				CLANG_WARN_DEPRECATED_OBJC_IMPLEMENTATIONS = YES;
				CLANG_WARN_DIRECT_OBJC_ISA_USAGE = YES_ERROR;
				CLANG_WARN_DOCUMENTATION_COMMENTS = YES;
				CLANG_WARN_EMPTY_BODY = YES;
				CLANG_WARN_ENUM_CONVERSION = YES;
				CLANG_WARN_INFINITE_RECURSION = YES;
				CLANG_WARN_INT_CONVERSION = YES;
				CLANG_WARN_NON_LITERAL_NULL_CONVERSION = YES;
				CLANG_WARN_OBJC_IMPLICIT_RETAIN_SELF = YES;
				CLANG_WARN_OBJC_LITERAL_CONVERSION = YES;
				CLANG_WARN_OBJC_ROOT_CLASS = YES_ERROR;
				CLANG_WARN_QUOTED_INCLUDE_IN_FRAMEWORK_HEADER = YES;
				CLANG_WARN_RANGE_LOOP_ANALYSIS = YES;
				CLANG_WARN_STRICT_PROTOTYPES = YES;
				CLANG_WARN_SUSPICIOUS_MOVE = YES;
				CLANG_WARN_UNGUARDED_AVAILABILITY = YES_AGGRESSIVE;
				CLANG_WARN_UNREACHABLE_CODE = YES;
				CLANG_WARN__DUPLICATE_METHOD_MATCH = YES;
				COPY_PHASE_STRIP = NO;
				DEBUG_INFORMATION_FORMAT = dwarf;
				ENABLE_STRICT_OBJC_MSGSEND = YES;
				ENABLE_TESTABILITY = YES;
				ENABLE_USER_SCRIPT_SANDBOXING = YES;
				GCC_C_LANGUAGE_STANDARD = gnu17;
				GCC_DYNAMIC_NO_PIC = NO;
				GCC_NO_COMMON_BLOCKS = YES;
				GCC_OPTIMIZATION_LEVEL = 0;
				GCC_PREPROCESSOR_DEFINITIONS = (
					"DEBUG=1",
					"$(inherited)",
				);
				GCC_WARN_64_TO_32_BIT_CONVERSION = YES;
				GCC_WARN_ABOUT_RETURN_TYPE = YES_ERROR;
				GCC_WARN_UNDECLARED_SELECTOR = YES;
				GCC_WARN_UNINITIALIZED_AUTOS = YES_AGGRESSIVE;
				GCC_WARN_UNUSED_FUNCTION = YES;
				GCC_WARN_UNUSED_VARIABLE = YES;
				LOCALIZATION_PREFERS_STRING_CATALOGS = YES;
				MACOSX_DEPLOYMENT_TARGET = 14.5;
				MTL_ENABLE_DEBUG_INFO = INCLUDE_SOURCE;
				MTL_FAST_MATH = YES;
				ONLY_ACTIVE_ARCH = YES;
				SDKROOT = macosx;
				SWIFT_ACTIVE_COMPILATION_CONDITIONS = "DEBUG $(inherited)";
				SWIFT_OPTIMIZATION_LEVEL = "-Onone";
			};
			name = Debug;
		};
		BA6452092C97271900DB31DE /* Release */ = {
			isa = XCBuildConfiguration;
			buildSettings = {
				ALWAYS_SEARCH_USER_PATHS = NO;
				ASSETCATALOG_COMPILER_GENERATE_SWIFT_ASSET_SYMBOL_EXTENSIONS = YES;
				CLANG_ANALYZER_NONNULL = YES;
				CLANG_ANALYZER_NUMBER_OBJECT_CONVERSION = YES_AGGRESSIVE;
				CLANG_CXX_LANGUAGE_STANDARD = "gnu++20";
				CLANG_ENABLE_MODULES = YES;
				CLANG_ENABLE_OBJC_ARC = YES;
				CLANG_ENABLE_OBJC_WEAK = YES;
				CLANG_WARN_BLOCK_CAPTURE_AUTORELEASING = YES;
				CLANG_WARN_BOOL_CONVERSION = YES;
				CLANG_WARN_COMMA = YES;
				CLANG_WARN_CONSTANT_CONVERSION = YES;
				CLANG_WARN_DEPRECATED_OBJC_IMPLEMENTATIONS = YES;
				CLANG_WARN_DIRECT_OBJC_ISA_USAGE = YES_ERROR;
				CLANG_WARN_DOCUMENTATION_COMMENTS = YES;
				CLANG_WARN_EMPTY_BODY = YES;
				CLANG_WARN_ENUM_CONVERSION = YES;
				CLANG_WARN_INFINITE_RECURSION = YES;
				CLANG_WARN_INT_CONVERSION = YES;
				CLANG_WARN_NON_LITERAL_NULL_CONVERSION = YES;
				CLANG_WARN_OBJC_IMPLICIT_RETAIN_SELF = YES;
				CLANG_WARN_OBJC_LITERAL_CONVERSION = YES;
				CLANG_WARN_OBJC_ROOT_CLASS = YES_ERROR;
				CLANG_WARN_QUOTED_INCLUDE_IN_FRAMEWORK_HEADER = YES;
				CLANG_WARN_RANGE_LOOP_ANALYSIS = YES;
				CLANG_WARN_STRICT_PROTOTYPES = YES;
				CLANG_WARN_SUSPICIOUS_MOVE = YES;
				CLANG_WARN_UNGUARDED_AVAILABILITY = YES_AGGRESSIVE;
				CLANG_WARN_UNREACHABLE_CODE = YES;
				CLANG_WARN__DUPLICATE_METHOD_MATCH = YES;
				COPY_PHASE_STRIP = NO;
				DEBUG_INFORMATION_FORMAT = "dwarf-with-dsym";
				ENABLE_NS_ASSERTIONS = NO;
				ENABLE_STRICT_OBJC_MSGSEND = YES;
				ENABLE_USER_SCRIPT_SANDBOXING = YES;
				GCC_C_LANGUAGE_STANDARD = gnu17;
				GCC_NO_COMMON_BLOCKS = YES;
				GCC_WARN_64_TO_32_BIT_CONVERSION = YES;
				GCC_WARN_ABOUT_RETURN_TYPE = YES_ERROR;
				GCC_WARN_UNDECLARED_SELECTOR = YES;
				GCC_WARN_UNINITIALIZED_AUTOS = YES_AGGRESSIVE;
				GCC_WARN_UNUSED_FUNCTION = YES;
				GCC_WARN_UNUSED_VARIABLE = YES;
				LOCALIZATION_PREFERS_STRING_CATALOGS = YES;
				MACOSX_DEPLOYMENT_TARGET = 14.5;
				MTL_ENABLE_DEBUG_INFO = NO;
				MTL_FAST_MATH = YES;
				SDKROOT = macosx;
				SWIFT_COMPILATION_MODE = wholemodule;
			};
			name = Release;
		};
		BA64520B2C97271900DB31DE /* Debug */ = {
			isa = XCBuildConfiguration;
			buildSettings = {
				ASSETCATALOG_COMPILER_APPICON_NAME = AppIcon;
				ASSETCATALOG_COMPILER_GLOBAL_ACCENT_COLOR_NAME = AccentColor;
				CODE_SIGN_ENTITLEMENTS = PeerPrep/PeerPrep.entitlements;
				CODE_SIGN_STYLE = Automatic;
				COMBINE_HIDPI_IMAGES = YES;
				CURRENT_PROJECT_VERSION = 1;
				DEVELOPMENT_ASSET_PATHS = "\"PeerPrep/Preview Content\"";
				DEVELOPMENT_TEAM = BPB6799M73;
				ENABLE_HARDENED_RUNTIME = YES;
				ENABLE_PREVIEWS = YES;
				GENERATE_INFOPLIST_FILE = YES;
				INFOPLIST_KEY_NSHumanReadableCopyright = "";
				LD_RUNPATH_SEARCH_PATHS = (
					"$(inherited)",
					"@executable_path/../Frameworks",
				);
				MARKETING_VERSION = 1.0;
				PRODUCT_BUNDLE_IDENTIFIER = "space-cowboy.PeerPrep";
				PRODUCT_NAME = "$(TARGET_NAME)";
				SWIFT_EMIT_LOC_STRINGS = YES;
				SWIFT_VERSION = 5.0;
			};
			name = Debug;
		};
		BA64520C2C97271900DB31DE /* Release */ = {
			isa = XCBuildConfiguration;
			buildSettings = {
				ASSETCATALOG_COMPILER_APPICON_NAME = AppIcon;
				ASSETCATALOG_COMPILER_GLOBAL_ACCENT_COLOR_NAME = AccentColor;
				CODE_SIGN_ENTITLEMENTS = PeerPrep/PeerPrep.entitlements;
				CODE_SIGN_STYLE = Automatic;
				COMBINE_HIDPI_IMAGES = YES;
				CURRENT_PROJECT_VERSION = 1;
				DEVELOPMENT_ASSET_PATHS = "\"PeerPrep/Preview Content\"";
				DEVELOPMENT_TEAM = BPB6799M73;
				ENABLE_HARDENED_RUNTIME = YES;
				ENABLE_PREVIEWS = YES;
				GENERATE_INFOPLIST_FILE = YES;
				INFOPLIST_KEY_NSHumanReadableCopyright = "";
				LD_RUNPATH_SEARCH_PATHS = (
					"$(inherited)",
					"@executable_path/../Frameworks",
				);
				MARKETING_VERSION = 1.0;
				PRODUCT_BUNDLE_IDENTIFIER = "space-cowboy.PeerPrep";
				PRODUCT_NAME = "$(TARGET_NAME)";
				SWIFT_EMIT_LOC_STRINGS = YES;
				SWIFT_VERSION = 5.0;
			};
			name = Release;
		};
/* End XCBuildConfiguration section */

/* Begin XCConfigurationList section */
		BA6451F62C97271700DB31DE /* Build configuration list for PBXProject "PeerPrep" */ = {
			isa = XCConfigurationList;
			buildConfigurations = (
				BA6452082C97271900DB31DE /* Debug */,
				BA6452092C97271900DB31DE /* Release */,
			);
			defaultConfigurationIsVisible = 0;
			defaultConfigurationName = Release;
		};
		BA64520A2C97271900DB31DE /* Build configuration list for PBXNativeTarget "PeerPrep" */ = {
			isa = XCConfigurationList;
			buildConfigurations = (
				BA64520B2C97271900DB31DE /* Debug */,
				BA64520C2C97271900DB31DE /* Release */,
			);
			defaultConfigurationIsVisible = 0;
			defaultConfigurationName = Release;
		};
/* End XCConfigurationList section */
	};
	rootObject = BA6451F32C97271700DB31DE /* Project object */;
}
